
Microsoft Visual Studio Solution File, Format Version 12.00
# Visual Studio Version 16
VisualStudioVersion = 16.0.30517.126
MinimumVisualStudioVersion = 10.0.40219.1
Project("{2150E333-8FDC-42A3-9474-1A3956D46DE8}") = "MockRestAPI", "MockRestAPI", "{7C631A3C-A5A1-436B-B3C4-94EABE38F841}"
EndProject
Project("{9A19103F-16F7-4668-BE54-9A1E7A4F7556}") = "InventoryService", "InventoryService\InventoryService.csproj", "{DA781AEE-32D3-4477-93F3-0C31045A3190}"
EndProject
Project("{2150E333-8FDC-42A3-9474-1A3956D46DE8}") = "BlazorClient", "BlazorClient", "{EDA95FE2-7F9E-45C3-ACED-48969C0C17A2}"
EndProject
Project("{9A19103F-16F7-4668-BE54-9A1E7A4F7556}") = "BlazorApp", "BlazorApp\BlazorApp.csproj", "{069C7ECE-CFBF-4869-A458-F4A8CEDED897}"
EndProject
Global
	GlobalSection(SolutionConfigurationPlatforms) = preSolution
		Debug|Any CPU = Debug|Any CPU
		Release|Any CPU = Release|Any CPU
	EndGlobalSection
	GlobalSection(ProjectConfigurationPlatforms) = postSolution
		{DA781AEE-32D3-4477-93F3-0C31045A3190}.Debug|Any CPU.ActiveCfg = Debug|Any CPU
		{DA781AEE-32D3-4477-93F3-0C31045A3190}.Debug|Any CPU.Build.0 = Debug|Any CPU
		{DA781AEE-32D3-4477-93F3-0C31045A3190}.Release|Any CPU.ActiveCfg = Release|Any CPU
		{DA781AEE-32D3-4477-93F3-0C31045A3190}.Release|Any CPU.Build.0 = Release|Any CPU
		{069C7ECE-CFBF-4869-A458-F4A8CEDED897}.Debug|Any CPU.ActiveCfg = Debug|Any CPU
		{069C7ECE-CFBF-4869-A458-F4A8CEDED897}.Debug|Any CPU.Build.0 = Debug|Any CPU
		{069C7ECE-CFBF-4869-A458-F4A8CEDED897}.Release|Any CPU.ActiveCfg = Release|Any CPU
		{069C7ECE-CFBF-4869-A458-F4A8CEDED897}.Release|Any CPU.Build.0 = Release|Any CPU
	EndGlobalSection
	GlobalSection(SolutionProperties) = preSolution
		HideSolutionNode = FALSE
	EndGlobalSection
	GlobalSection(NestedProjects) = preSolution
		{DA781AEE-32D3-4477-93F3-0C31045A3190} = {7C631A3C-A5A1-436B-B3C4-94EABE38F841}
		{069C7ECE-CFBF-4869-A458-F4A8CEDED897} = {EDA95FE2-7F9E-45C3-ACED-48969C0C17A2}
	EndGlobalSection
	GlobalSection(ExtensibilityGlobals) = postSolution
		SolutionGuid = {D353E0BA-EAFE-40F9-A1A5-76511AF44FCF}
	EndGlobalSection
EndGlobal
